
Microsoft Visual Studio Solution File, Format Version 12.00
Project("{FAE04EC0-301F-11D3-BF4B-00C04F79EFBC}") = "Sj.Getopt", "Sj.Getopt\Sj.Getopt.csproj", "{4AEA39A3-3C86-4F78-B69D-D4CE04B20F26}"
EndProject
Project("{FAE04EC0-301F-11D3-BF4B-00C04F79EFBC}") = "Sj.Getopt.Tests", "Sj.Getopt.Tests\Sj.Getopt.Tests.csproj", "{A48D51CD-E86D-41D1-813F-AFA4C35E4552}"
EndProject
Project("{FAE04EC0-301F-11D3-BF4B-00C04F79EFBC}") = "Sj.Getopt.Sample", "Sj.Getopt.Sample\Sj.Getopt.Sample.csproj", "{3E6B839E-CB75-4979-90DC-B155C38B5F52}"
EndProject
Global
	GlobalSection(SolutionConfigurationPlatforms) = preSolution
		Debug|Any CPU = Debug|Any CPU
		Release|Any CPU = Release|Any CPU
	EndGlobalSection
	GlobalSection(ProjectConfigurationPlatforms) = postSolution
		{4AEA39A3-3C86-4F78-B69D-D4CE04B20F26}.Debug|Any CPU.ActiveCfg = Debug|Any CPU
		{4AEA39A3-3C86-4F78-B69D-D4CE04B20F26}.Debug|Any CPU.Build.0 = Debug|Any CPU
		{4AEA39A3-3C86-4F78-B69D-D4CE04B20F26}.Release|Any CPU.ActiveCfg = Release|Any CPU
		{4AEA39A3-3C86-4F78-B69D-D4CE04B20F26}.Release|Any CPU.Build.0 = Release|Any CPU
		{A48D51CD-E86D-41D1-813F-AFA4C35E4552}.Debug|Any CPU.ActiveCfg = Debug|Any CPU
		{A48D51CD-E86D-41D1-813F-AFA4C35E4552}.Debug|Any CPU.Build.0 = Debug|Any CPU
		{A48D51CD-E86D-41D1-813F-AFA4C35E4552}.Release|Any CPU.ActiveCfg = Release|Any CPU
		{A48D51CD-E86D-41D1-813F-AFA4C35E4552}.Release|Any CPU.Build.0 = Release|Any CPU
		{3E6B839E-CB75-4979-90DC-B155C38B5F52}.Debug|Any CPU.ActiveCfg = Debug|Any CPU
		{3E6B839E-CB75-4979-90DC-B155C38B5F52}.Debug|Any CPU.Build.0 = Debug|Any CPU
		{3E6B839E-CB75-4979-90DC-B155C38B5F52}.Release|Any CPU.ActiveCfg = Release|Any CPU
		{3E6B839E-CB75-4979-90DC-B155C38B5F52}.Release|Any CPU.Build.0 = Release|Any CPU
	EndGlobalSection
EndGlobal
